{
  "name": "node-js-codebook",
  "version": "0.1.4",
  "lockfileVersion": 2,
  "requires": true,
  "packages": {
    "": {
      "name": "node-js-codebook",
      "version": "0.1.4",
      "dependencies": {
        "coffeescript": ""
      },
      "engines": {
        "node": "16.11.1"
      }
    },
    "node_modules/coffeescript": {
      "version": "2.6.1",
      "resolved": "https://registry.npmjs.org/coffeescript/-/coffeescript-2.6.1.tgz",
      "integrity": "sha512-GG5nkF93qII8HmHqnnibkgpp/SV7PSnSPiWsbinwya7nNOe95aE/x2xrKZJFks8Qpko3TNrC+/LahaKgrz5YCg==",
      "bin": {
        "cake": "bin/cake",
        "coffee": "bin/coffee"
      },
      "engines": {
        "node": ">=6"
      }
    }
  },
  "dependencies": {
    "coffeescript": {
      "version": "2.6.1",
      "resolved": "https://registry.npmjs.org/coffeescript/-/coffeescript-2.6.1.tgz",
      "integrity": "sha512-GG5nkF93qII8HmHqnnibkgpp/SV7PSnSPiWsbinwya7nNOe95aE/x2xrKZJFks8Qpko3TNrC+/LahaKgrz5YCg=="
    }
  }
}
